dependencies:
- name: kube-state-metrics
  repository: https://kubernetes-charts.storage.googleapis.com/
  version: 2.8.14
- name: prometheus-node-exporter
  repository: https://kubernetes-charts.storage.googleapis.com/
  version: 1.10.0
- name: grafana
  repository: https://kubernetes-charts.storage.googleapis.com/
  version: 5.5.5
digest: sha256:e801bb3bcc01ac17f0e2694c3848c7536c4f8530deb4f0a873ebf29769406269
generated: "2020-08-25T09:45:22.318216443+02:00"
