dependencies:
- name: kube-state-metrics
  repository: https://charts.helm.sh/stable
  version: 2.9.*
- name: prometheus-node-exporter
  repository: https://prometheus-community.github.io/helm-charts
  version: 1.12.0
- name: grafana
  repository: https://grafana.github.io/helm-charts
  version: 5.8.*
digest: sha256:8b3ed821ee99470b5b9e262210596d15c900e4f9f99cbc34efae94c5f2586275
generated: "2020-11-03T12:36:23.860273098+05:30"
